
Microsoft Visual Studio Solution File, Format Version 12.00
# Visual Studio 15
VisualStudioVersion = 15.0.27130.2036
MinimumVisualStudioVersion = 10.0.40219.1
Project("{FAE04EC0-301F-11D3-BF4B-00C04F79EFBC}") = "PFDALTest", "PFDALTest\PFDALTest.csproj", "{734F1385-B80C-4F56-97A7-B5FF498EE934}"
EndProject
Global
	GlobalSection(SolutionConfigurationPlatforms) = preSolution
		Debug|Any CPU = Debug|Any CPU
		Release|Any CPU = Release|Any CPU
	EndGlobalSection
	GlobalSection(ProjectConfigurationPlatforms) = postSolution
		{734F1385-B80C-4F56-97A7-B5FF498EE934}.Debug|Any CPU.ActiveCfg = Debug|Any CPU
		{734F1385-B80C-4F56-97A7-B5FF498EE934}.Debug|Any CPU.Build.0 = Debug|Any CPU
		{734F1385-B80C-4F56-97A7-B5FF498EE934}.Release|Any CPU.ActiveCfg = Release|Any CPU
		{734F1385-B80C-4F56-97A7-B5FF498EE934}.Release|Any CPU.Build.0 = Release|Any CPU
	EndGlobalSection
	GlobalSection(SolutionProperties) = preSolution
		HideSolutionNode = FALSE
	EndGlobalSection
	GlobalSection(ExtensibilityGlobals) = postSolution
		SolutionGuid = {FA1A0AE0-1CB6-45B7-B3A8-3B843E8BABA8}
	EndGlobalSection
EndGlobal
